
Microsoft Visual Studio Solution File, Format Version 12.00
# Visual Studio Version 17
VisualStudioVersion = 17.3.32901.215
MinimumVisualStudioVersion = 10.0.40219.1
Project("{FAE04EC0-301F-11D3-BF4B-00C04F79EFBC}") = "WebApplication11", "WebApplication11\WebApplication11.csproj", "{E5247D48-13C0-46ED-BEC9-DA819FCA087C}"
EndProject
Global
	GlobalSection(SolutionConfigurationPlatforms) = preSolution
		Debug|Any CPU = Debug|Any CPU
		Release|Any CPU = Release|Any CPU
	EndGlobalSection
	GlobalSection(ProjectConfigurationPlatforms) = postSolution
		{E5247D48-13C0-46ED-BEC9-DA819FCA087C}.Debug|Any CPU.ActiveCfg = Debug|Any CPU
		{E5247D48-13C0-46ED-BEC9-DA819FCA087C}.Debug|Any CPU.Build.0 = Debug|Any CPU
		{E5247D48-13C0-46ED-BEC9-DA819FCA087C}.Release|Any CPU.ActiveCfg = Release|Any CPU
		{E5247D48-13C0-46ED-BEC9-DA819FCA087C}.Release|Any CPU.Build.0 = Release|Any CPU
	EndGlobalSection
	GlobalSection(SolutionProperties) = preSolution
		HideSolutionNode = FALSE
	EndGlobalSection
	GlobalSection(ExtensibilityGlobals) = postSolution
		SolutionGuid = {A996A1EE-D02E-429E-8763-74B94902498C}
	EndGlobalSection
EndGlobal
